PODS:
  - SwiftVideoGenerator (0.1.0)

DEPENDENCIES:
  - SwiftVideoGenerator (from `../`)

EXTERNAL SOURCES:
  SwiftVideoGenerator:
    :path: ../

SPEC CHECKSUMS:
  SwiftVideoGenerator: e608483f3da2b5ba822f0428ad42f30dad5800cf

PODFILE CHECKSUM: 50d258d34e874f7c3410e4743ad4fbaa17fda35d

COCOAPODS: 1.2.1
