PODS:
  - SwiftVideoGenerator (0.1.0)

DEPENDENCIES:
  - SwiftVideoGenerator (from `../`)

EXTERNAL SOURCES:
  SwiftVideoGenerator:
    :path: ../

SPEC CHECKSUMS:
  SwiftVideoGenerator: d051ee29e43e879e6f8f97809d82c109eff466e8

PODFILE CHECKSUM: 50d258d34e874f7c3410e4743ad4fbaa17fda35d

COCOAPODS: 1.2.1
